// !$*UTF8*$!
{
	archiveVersion = 1;
	classes = {
	};
	objectVersion = 46;
	objects = {

/* Begin PBXBuildFile section */
		2D8DACAC1CBBD8E300466B34 /* main.m in Sources */ = {isa = PBXBuildFile; fileRef = 2D8DACAB1CBBD8E300466B34 /* main.m */; };
		2D8DACAF1CBBD8E300466B34 /* AppDelegate.m in Sources */ = {isa = PBXBuildFile; fileRef = 2D8DACAE1CBBD8E300466B34 /* AppDelegate.m */; };
		2D8DACB21CBBD8E300466B34 /* ViewController.m in Sources */ = {isa = PBXBuildFile; fileRef = 2D8DACB11CBBD8E300466B34 /* ViewController.m */; };
		2D8DACB51CBBD8E300466B34 /* Main.storyboard in Resources */ = {isa = PBXBuildFile; fileRef = 2D8DACB31CBBD8E300466B34 /* Main.storyboard */; };
		2D8DACB71CBBD8E300466B34 /* Assets.xcassets in Resources */ = {isa = PBXBuildFile; fileRef = 2D8DACB61CBBD8E300466B34 /* Assets.xcassets */; };
		2D8DACBA1CBBD8E300466B34 /* LaunchScreen.storyboard in Resources */ = {isa = PBXBuildFile; fileRef = 2D8DACB81CBBD8E300466B34 /* LaunchScreen.storyboard */; };
/* End PBXBuildFile section */

/* Begin PBXFileReference section */
		2D8DACA71CBBD8E300466B34 /* becoanTest2.app */ = {isa = PBXFileReference; explicitFileType = wrapper.application; includeInIndex = 0; path = becoanTest2.app; sourceTree = BUILT_PRODUCTS_DIR; };
		2D8DACAB1CBBD8E300466B34 /* main.m */ = {isa = PBXFileReference; lastKnownFileType = sourcecode.c.objc; path = main.m; sourceTree = "<group>"; };
		2D8DACAD1CBBD8E300466B34 /* AppDelegate.h */ = {isa = PBXFileReference; lastKnownFileType = sourcecode.c.h; path = AppDelegate.h; sourceTree = "<group>"; };
		2D8DACAE1CBBD8E300466B34 /* AppDelegate.m */ = {isa = PBXFileReference; lastKnownFileType = sourcecode.c.objc; path = AppDelegate.m; sourceTree = "<group>"; };
		2D8DACB01CBBD8E300466B34 /* ViewController.h */ = {isa = PBXFileReference; lastKnownFileType = sourcecode.c.h; path = ViewController.h; sourceTree = "<group>"; };
		2D8DACB11CBBD8E300466B34 /* ViewController.m */ = {isa = PBXFileReference; lastKnownFileType = sourcecode.c.objc; path = ViewController.m; sourceTree = "<group>"; };
		2D8DACB41CBBD8E300466B34 /* Base */ = {isa = PBXFileReference; lastKnownFileType = file.storyboard; name = Base; path = Base.lproj/Main.storyboard; sourceTree = "<group>"; };
		2D8DACB61CBBD8E300466B34 /* Assets.xcassets */ = {isa = PBXFileReference; lastKnownFileType = folder.assetcatalog; path = Assets.xcassets; sourceTree = "<group>"; };
		2D8DACB91CBBD8E300466B34 /* Base */ = {isa = PBXFileReference; lastKnownFileType = file.storyboard; name = Base; path = Base.lproj/LaunchScreen.storyboard; sourceTree = "<group>"; };
		2D8DACBB1CBBD8E300466B34 /* Info.plist */ = {isa = PBXFileReference; lastKnownFileType = text.plist.xml; path = Info.plist; sourceTree = "<group>"; };
/* End PBXFileReference section */

/* Begin PBXFrameworksBuildPhase section */
		2D8DACA41CBBD8E300466B34 /* Frameworks */ = {
			isa = PBXFrameworksBuildPhase;
			buildActionMask = 2147483647;
			files = (
			);
			runOnlyForDeploymentPostprocessing = 0;
		};
/* End PBXFrameworksBuildPhase section */

/* Begin PBXGroup section */
		2D8DAC9E1CBBD8E200466B34 = {
			isa = PBXGroup;
			children = (
				2D8DACA91CBBD8E300466B34 /* becoanTest2 */,
				2D8DACA81CBBD8E300466B34 /* Products */,
			);
			sourceTree = "<group>";
		};
		2D8DACA81CBBD8E300466B34 /* Products */ = {
			isa = PBXGroup;
			children = (
				2D8DACA71CBBD8E300466B34 /* becoanTest2.app */,
			);
			name = Products;
			sourceTree = "<group>";
		};
		2D8DACA91CBBD8E300466B34 /* becoanTest2 */ = {
			isa = PBXGroup;
			children = (
				2D8DACAD1CBBD8E300466B34 /* AppDelegate.h */,
				2D8DACAE1CBBD8E300466B34 /* AppDelegate.m */,
				2D8DACB01CBBD8E300466B34 /* ViewController.h */,
				2D8DACB11CBBD8E300466B34 /* ViewController.m */,
				2D8DACB31CBBD8E300466B34 /* Main.storyboard */,
				2D8DACB61CBBD8E300466B34 /* Assets.xcassets */,
				2D8DACB81CBBD8E300466B34 /* LaunchScreen.storyboard */,
				2D8DACBB1CBBD8E300466B34 /* Info.plist */,
				2D8DACAA1CBBD8E300466B34 /* Supporting Files */,
			);
			path = becoanTest2;
			sourceTree = "<group>";
		};
		2D8DACAA1CBBD8E300466B34 /* Supporting Files */ = {
			isa = PBXGroup;
			children = (
				2D8DACAB1CBBD8E300466B34 /* main.m */,
			);
			name = "Supporting Files";
			sourceTree = "<group>";
		};
/* End PBXGroup section */

/* Begin PBXNativeTarget section */
		2D8DACA61CBBD8E300466B34 /* becoanTest2 */ = {
			isa = PBXNativeTarget;
			buildConfigurationList = 2D8DACBE1CBBD8E300466B34 /* Build configuration list for PBXNativeTarget "becoanTest2" */;
			buildPhases = (
				2D8DACA31CBBD8E300466B34 /* Sources */,
				2D8DACA41CBBD8E300466B34 /* Frameworks */,
				2D8DACA51CBBD8E300466B34 /* Resources */,
			);
			buildRules = (
			);
			dependencies = (
			);
			name = becoanTest2;
			productName = becoanTest2;
			productReference = 2D8DACA71CBBD8E300466B34 /* becoanTest2.app */;
			productType = "com.apple.product-type.application";
		};
/* End PBXNativeTarget section */

/* Begin PBXProject section */
		2D8DAC9F1CBBD8E300466B34 /* Project object */ = {
			isa = PBXProject;
			attributes = {
				LastUpgradeCheck = 0730;
				ORGANIZATIONNAME = NHNENT;
				TargetAttributes = {
					2D8DACA61CBBD8E300466B34 = {
						CreatedOnToolsVersion = 7.3;
						DevelopmentTeam = V6MBH85VX4;
					};
				};
			};
			buildConfigurationList = 2D8DACA21CBBD8E300466B34 /* Build configuration list for PBXProject "becoanTest2" */;
			compatibilityVersion = "Xcode 3.2";
			developmentRegion = English;
			hasScannedForEncodings = 0;
			knownRegions = (
				en,
				Base,
			);
			mainGroup = 2D8DAC9E1CBBD8E200466B34;
			productRefGroup = 2D8DACA81CBBD8E300466B34 /* Products */;
			projectDirPath = "";
			projectRoot = "";
			targets = (
				2D8DACA61CBBD8E300466B34 /* becoanTest2 */,
			);
		};
/* End PBXProject section */

/* Begin PBXResourcesBuildPhase section */
		2D8DACA51CBBD8E300466B34 /* Resources */ = {
			isa = PBXResourcesBuildPhase;
			buildActionMask = 2147483647;
			files = (
				2D8DACBA1CBBD8E300466B34 /* LaunchScreen.storyboard in Resources */,
				2D8DACB71CBBD8E300466B34 /* Assets.xcassets in Resources */,
				2D8DACB51CBBD8E300466B34 /* Main.storyboard in Resources */,
			);
			runOnlyForDeploymentPostprocessing = 0;
		};
/* End PBXResourcesBuildPhase section */

/* Begin PBXSourcesBuildPhase section */
		2D8DACA31CBBD8E300466B34 /* Sources */ = {
			isa = PBXSourcesBuildPhase;
			buildActionMask = 2147483647;
			files = (
				2D8DACB21CBBD8E300466B34 /* ViewController.m in Sources */,
				2D8DACAF1CBBD8E300466B34 /* AppDelegate.m in Sources */,
				2D8DACAC1CBBD8E300466B34 /* main.m in Sources */,
			);
			runOnlyForDeploymentPostprocessing = 0;
		};
/* End PBXSourcesBuildPhase section */

/* Begin PBXVariantGroup section */
		2D8DACB31CBBD8E300466B34 /* Main.storyboard */ = {
			isa = PBXVariantGroup;
			children = (
				2D8DACB41CBBD8E300466B34 /* Base */,
			);
			name = Main.storyboard;
			sourceTree = "<group>";
		};
		2D8DACB81CBBD8E300466B34 /* LaunchScreen.storyboard */ = {
			isa = PBXVariantGroup;
			children = (
				2D8DACB91CBBD8E300466B34 /* Base */,
			);
			name = LaunchScreen.storyboard;
			sourceTree = "<group>";
		};
/* End PBXVariantGroup section */

/* Begin XCBuildConfiguration section */
		2D8DACBC1CBBD8E300466B34 /* Debug */ = {
			isa = XCBuildConfiguration;
			buildSettings = {
				ALWAYS_SEARCH_USER_PATHS = NO;
				CLANG_ANALYZER_NONNULL = YES;
				CLANG_CXX_LANGUAGE_STANDARD = "gnu++0x";
				CLANG_CXX_LIBRARY = "libc++";
				CLANG_ENABLE_MODULES = YES;
				CLANG_ENABLE_OBJC_ARC = YES;
				CLANG_WARN_BOOL_CONVERSION = YES;
				CLANG_WARN_CONSTANT_CONVERSION = YES;
				CLANG_WARN_DIRECT_OBJC_ISA_USAGE = YES_ERROR;
				CLANG_WARN_EMPTY_BODY = YES;
				CLANG_WARN_ENUM_CONVERSION = YES;
				CLANG_WARN_INT_CONVERSION = YES;
				CLANG_WARN_OBJC_ROOT_CLASS = YES_ERROR;
				CLANG_WARN_UNREACHABLE_CODE = YES;
				CLANG_WARN__DUPLICATE_METHOD_MATCH = YES;
				"CODE_SIGN_IDENTITY[sdk=iphoneos*]" = "iPhone Developer";
				COPY_PHASE_STRIP = NO;
				DEBUG_INFORMATION_FORMAT = dwarf;
				ENABLE_STRICT_OBJC_MSGSEND = YES;
				ENABLE_TESTABILITY = YES;
				GCC_C_LANGUAGE_STANDARD = gnu99;
				GCC_DYNAMIC_NO_PIC = NO;
				GCC_NO_COMMON_BLOCKS = YES;
				GCC_OPTIMIZATION_LEVEL = 0;
				GCC_PREPROCESSOR_DEFINITIONS = (
					"DEBUG=1",
					"$(inherited)",
				);
				GCC_WARN_64_TO_32_BIT_CONVERSION = YES;
				GCC_WARN_ABOUT_RETURN_TYPE = YES_ERROR;
				GCC_WARN_UNDECLARED_SELECTOR = YES;
				GCC_WARN_UNINITIALIZED_AUTOS = YES_AGGRESSIVE;
				GCC_WARN_UNUSED_FUNCTION = YES;
				GCC_WARN_UNUSED_VARIABLE = YES;
				IPHONEOS_DEPLOYMENT_TARGET = 9.3;
				MTL_ENABLE_DEBUG_INFO = YES;
				ONLY_ACTIVE_ARCH = YES;
				SDKROOT = iphoneos;
				TARGETED_DEVICE_FAMILY = "1,2";
			};
			name = Debug;
		};
		2D8DACBD1CBBD8E300466B34 /* Release */ = {
			isa = XCBuildConfiguration;
			buildSettings = {
				ALWAYS_SEARCH_USER_PATHS = NO;
				CLANG_ANALYZER_NONNULL = YES;
				CLANG_CXX_LANGUAGE_STANDARD = "gnu++0x";
				CLANG_CXX_LIBRARY = "libc++";
				CLANG_ENABLE_MODULES = YES;
				CLANG_ENABLE_OBJC_ARC = YES;
				CLANG_WARN_BOOL_CONVERSION = YES;
				CLANG_WARN_CONSTANT_CONVERSION = YES;
				CLANG_WARN_DIRECT_OBJC_ISA_USAGE = YES_ERROR;
				CLANG_WARN_EMPTY_BODY = YES;
				CLANG_WARN_ENUM_CONVERSION = YES;
				CLANG_WARN_INT_CONVERSION = YES;
				CLANG_WARN_OBJC_ROOT_CLASS = YES_ERROR;
				CLANG_WARN_UNREACHABLE_CODE = YES;
				CLANG_WARN__DUPLICATE_METHOD_MATCH = YES;
				"CODE_SIGN_IDENTITY[sdk=iphoneos*]" = "iPhone Developer";
				COPY_PHASE_STRIP = NO;
				DEBUG_INFORMATION_FORMAT = "dwarf-with-dsym";
				ENABLE_NS_ASSERTIONS = NO;
				ENABLE_STRICT_OBJC_MSGSEND = YES;
				GCC_C_LANGUAGE_STANDARD = gnu99;
				GCC_NO_COMMON_BLOCKS = YES;
				GCC_WARN_64_TO_32_BIT_CONVERSION = YES;
				GCC_WARN_ABOUT_RETURN_TYPE = YES_ERROR;
				GCC_WARN_UNDECLARED_SELECTOR = YES;
				GCC_WARN_UNINITIALIZED_AUTOS = YES_AGGRESSIVE;
				GCC_WARN_UNUSED_FUNCTION = YES;
				GCC_WARN_UNUSED_VARIABLE = YES;
				IPHONEOS_DEPLOYMENT_TARGET = 9.3;
				MTL_ENABLE_DEBUG_INFO = NO;
				SDKROOT = iphoneos;
				TARGETED_DEVICE_FAMILY = "1,2";
				VALIDATE_PRODUCT = YES;
			};
			name = Release;
		};
		2D8DACBF1CBBD8E300466B34 /* Debug */ = {
			isa = XCBuildConfiguration;
			buildSettings = {
				ASSETCATALOG_COMPILER_APPICON_NAME = AppIcon;
				INFOPLIST_FILE = becoanTest2/Info.plist;
				LD_RUNPATH_SEARCH_PATHS = "$(inherited) @executable_path/Frameworks";
				PRODUCT_BUNDLE_IDENTIFIER = com.nhnent.becoanTest2;
				PRODUCT_NAME = "$(TARGET_NAME)";
			};
			name = Debug;
		};
		2D8DACC01CBBD8E300466B34 /* Release */ = {
			isa = XCBuildConfiguration;
			buildSettings = {
				ASSETCATALOG_COMPILER_APPICON_NAME = AppIcon;
				INFOPLIST_FILE = becoanTest2/Info.plist;
				LD_RUNPATH_SEARCH_PATHS = "$(inherited) @executable_path/Frameworks";
				PRODUCT_BUNDLE_IDENTIFIER = com.nhnent.becoanTest2;
				PRODUCT_NAME = "$(TARGET_NAME)";
			};
			name = Release;
		};
/* End XCBuildConfiguration section */

/* Begin XCConfigurationList section */
		2D8DACA21CBBD8E300466B34 /* Build configuration list for PBXProject "becoanTest2" */ = {
			isa = XCConfigurationList;
			buildConfigurations = (
				2D8DACBC1CBBD8E300466B34 /* Debug */,
				2D8DACBD1CBBD8E300466B34 /* Release */,
			);
			defaultConfigurationIsVisible = 0;
			defaultConfigurationName = Release;
		};
		2D8DACBE1CBBD8E300466B34 /* Build configuration list for PBXNativeTarget "becoanTest2" */ = {
			isa = XCConfigurationList;
			buildConfigurations = (
				2D8DACBF1CBBD8E300466B34 /* Debug */,
				2D8DACC01CBBD8E300466B34 /* Release */,
			);
			defaultConfigurationIsVisible = 0;
		};
/* End XCConfigurationList section */
	};
	rootObject = 2D8DAC9F1CBBD8E300466B34 /* Project object */;
}
